
Microsoft Visual Studio Solution File, Format Version 12.00
# Visual Studio 15
VisualStudioVersion = 15.0.28307.2017
MinimumVisualStudioVersion = 10.0.40219.1
Project("{FAE04EC0-301F-11D3-BF4B-00C04F79EFBC}") = "NewProject001", "NewProject001\NewProject001.csproj", "{84F468F3-B8B2-4EC2-BEA9-5CCE51460F3B}"
EndProject
Global
	GlobalSection(SolutionConfigurationPlatforms) = preSolution
		Debug|Any CPU = Debug|Any CPU
		Release|Any CPU = Release|Any CPU
	EndGlobalSection
	GlobalSection(ProjectConfigurationPlatforms) = postSolution
		{84F468F3-B8B2-4EC2-BEA9-5CCE51460F3B}.Debug|Any CPU.ActiveCfg = Debug|Any CPU
		{84F468F3-B8B2-4EC2-BEA9-5CCE51460F3B}.Debug|Any CPU.Build.0 = Debug|Any CPU
		{84F468F3-B8B2-4EC2-BEA9-5CCE51460F3B}.Release|Any CPU.ActiveCfg = Release|Any CPU
		{84F468F3-B8B2-4EC2-BEA9-5CCE51460F3B}.Release|Any CPU.Build.0 = Release|Any CPU
	EndGlobalSection
	GlobalSection(SolutionProperties) = preSolution
		HideSolutionNode = FALSE
	EndGlobalSection
	GlobalSection(ExtensibilityGlobals) = postSolution
		SolutionGuid = {CCFBEEF1-15F9-4502-931D-FBE5AA584DBE}
	EndGlobalSection
EndGlobal
